
Microsoft Visual Studio Solution File, Format Version 12.00
# Visual Studio 14
VisualStudioVersion = 14.0.25420.1
MinimumVisualStudioVersion = 10.0.40219.1
Project("{FAE04EC0-301F-11D3-BF4B-00C04F79EFBC}") = "HR.WebUI", "HR.WebUI\HR.WebUI.csproj", "{1EFBB6D1-3F79-47A6-939B-DFEC57C8B442}"
EndProject
Project("{FAE04EC0-301F-11D3-BF4B-00C04F79EFBC}") = "HR.DAL", "HR.DAL\HR.DAL.csproj", "{12946C84-5E8C-41E6-A7F1-D8EC0005AA33}"
EndProject
Global
	GlobalSection(SolutionConfigurationPlatforms) = preSolution
		Debug|Any CPU = Debug|Any CPU
		Release|Any CPU = Release|Any CPU
	EndGlobalSection
	GlobalSection(ProjectConfigurationPlatforms) = postSolution
		{1EFBB6D1-3F79-47A6-939B-DFEC57C8B442}.Debug|Any CPU.ActiveCfg = Debug|Any CPU
		{1EFBB6D1-3F79-47A6-939B-DFEC57C8B442}.Debug|Any CPU.Build.0 = Debug|Any CPU
		{1EFBB6D1-3F79-47A6-939B-DFEC57C8B442}.Release|Any CPU.ActiveCfg = Release|Any CPU
		{1EFBB6D1-3F79-47A6-939B-DFEC57C8B442}.Release|Any CPU.Build.0 = Release|Any CPU
		{12946C84-5E8C-41E6-A7F1-D8EC0005AA33}.Debug|Any CPU.ActiveCfg = Debug|Any CPU
		{12946C84-5E8C-41E6-A7F1-D8EC0005AA33}.Debug|Any CPU.Build.0 = Debug|Any CPU
		{12946C84-5E8C-41E6-A7F1-D8EC0005AA33}.Release|Any CPU.ActiveCfg = Release|Any CPU
		{12946C84-5E8C-41E6-A7F1-D8EC0005AA33}.Release|Any CPU.Build.0 = Release|Any CPU
	EndGlobalSection
	GlobalSection(SolutionProperties) = preSolution
		HideSolutionNode = FALSE
	EndGlobalSection
EndGlobal
